
Microsoft Visual Studio Solution File, Format Version 12.00
# Visual Studio Version 17
VisualStudioVersion = 17.7.34031.279
MinimumVisualStudioVersion = 10.0.40219.1
Project("{9A19103F-16F7-4668-BE54-9A1E7A4F7556}") = "CompareLists", "CompareLists\CompareLists.csproj", "{249DA67E-E717-4E57-82A0-7F6414360B79}"
EndProject
Project("{9A19103F-16F7-4668-BE54-9A1E7A4F7556}") = "Common", "Common\Common.csproj", "{7E71CB24-8876-43CB-B656-8F9750C7B27A}"
EndProject
Project("{9A19103F-16F7-4668-BE54-9A1E7A4F7556}") = "GraphIsConnected", "GraphIsConnected\GraphIsConnected.csproj", "{854A4AED-FA53-4719-B79A-C9DD53CF6F71}"
EndProject
Project("{FAE04EC0-301F-11D3-BF4B-00C04F79EFBC}") = "TreePaths", "TreePaths\TreePaths.csproj", "{5E2AE32A-09B2-4BDE-B1AC-8A1319D4E635}"
EndProject
Project("{FAE04EC0-301F-11D3-BF4B-00C04F79EFBC}") = "StudentsAndSubjects", "StudentsAndSubjects\StudentsAndSubjects.csproj", "{29A170AC-AF8B-4BCD-97D7-69D1E2C5C507}"
EndProject
Global
	GlobalSection(SolutionConfigurationPlatforms) = preSolution
		Debug|Any CPU = Debug|Any CPU
		Release|Any CPU = Release|Any CPU
	EndGlobalSection
	GlobalSection(ProjectConfigurationPlatforms) = postSolution
		{249DA67E-E717-4E57-82A0-7F6414360B79}.Debug|Any CPU.ActiveCfg = Debug|Any CPU
		{249DA67E-E717-4E57-82A0-7F6414360B79}.Debug|Any CPU.Build.0 = Debug|Any CPU
		{249DA67E-E717-4E57-82A0-7F6414360B79}.Release|Any CPU.ActiveCfg = Release|Any CPU
		{249DA67E-E717-4E57-82A0-7F6414360B79}.Release|Any CPU.Build.0 = Release|Any CPU
		{7E71CB24-8876-43CB-B656-8F9750C7B27A}.Debug|Any CPU.ActiveCfg = Debug|Any CPU
		{7E71CB24-8876-43CB-B656-8F9750C7B27A}.Debug|Any CPU.Build.0 = Debug|Any CPU
		{7E71CB24-8876-43CB-B656-8F9750C7B27A}.Release|Any CPU.ActiveCfg = Release|Any CPU
		{7E71CB24-8876-43CB-B656-8F9750C7B27A}.Release|Any CPU.Build.0 = Release|Any CPU
		{854A4AED-FA53-4719-B79A-C9DD53CF6F71}.Debug|Any CPU.ActiveCfg = Debug|Any CPU
		{854A4AED-FA53-4719-B79A-C9DD53CF6F71}.Debug|Any CPU.Build.0 = Debug|Any CPU
		{854A4AED-FA53-4719-B79A-C9DD53CF6F71}.Release|Any CPU.ActiveCfg = Release|Any CPU
		{854A4AED-FA53-4719-B79A-C9DD53CF6F71}.Release|Any CPU.Build.0 = Release|Any CPU
		{5E2AE32A-09B2-4BDE-B1AC-8A1319D4E635}.Debug|Any CPU.ActiveCfg = Debug|Any CPU
		{5E2AE32A-09B2-4BDE-B1AC-8A1319D4E635}.Debug|Any CPU.Build.0 = Debug|Any CPU
		{5E2AE32A-09B2-4BDE-B1AC-8A1319D4E635}.Release|Any CPU.ActiveCfg = Release|Any CPU
		{5E2AE32A-09B2-4BDE-B1AC-8A1319D4E635}.Release|Any CPU.Build.0 = Release|Any CPU
		{29A170AC-AF8B-4BCD-97D7-69D1E2C5C507}.Debug|Any CPU.ActiveCfg = Debug|Any CPU
		{29A170AC-AF8B-4BCD-97D7-69D1E2C5C507}.Debug|Any CPU.Build.0 = Debug|Any CPU
		{29A170AC-AF8B-4BCD-97D7-69D1E2C5C507}.Release|Any CPU.ActiveCfg = Release|Any CPU
		{29A170AC-AF8B-4BCD-97D7-69D1E2C5C507}.Release|Any CPU.Build.0 = Release|Any CPU
	EndGlobalSection
	GlobalSection(SolutionProperties) = preSolution
		HideSolutionNode = FALSE
	EndGlobalSection
	GlobalSection(ExtensibilityGlobals) = postSolution
		SolutionGuid = {70FFA18F-9CCF-4A58-872E-35EEAB4822A3}
	EndGlobalSection
EndGlobal
